{
    "name": "communication-services-web-calling-widget",
    "version": "1.0.0",
    "lockfileVersion": 2,
    "requires": true,
    "packages": {
        "": {
            "name": "communication-services-web-calling-widget",
            "version": "1.0.0",
            "license": "MIT",
            "devDependencies": {
                "css-loader": "^7.1.1"
            }
        },
        "node_modules/css-loader": {
            "version": "7.1.1",
            "resolved": "https://registry.npmjs.org/css-loader/-/css-loader-7.1.1.tgz",
            "integrity": "sha512-OxIR5P2mjO1PSXk44bWuQ8XtMK4dpEqpIyERCx3ewOo3I8EmbcxMPUc5ScLtQfgXtOojoMv57So4V/C02HQLsw==",
            "dev": true,
            "dependencies": {
                "icss-utils": "^5.1.0",
                "postcss": "^8.4.33",
                "postcss-modules-extract-imports": "^3.1.0",
                "postcss-modules-local-by-default": "^4.0.5",
                "postcss-modules-scope": "^3.2.0",
                "postcss-modules-values": "^4.0.0",
                "postcss-value-parser": "^4.2.0",
                "semver": "^7.5.4"
            },
            "engines": {
                "node": ">= 18.12.0"
            },
            "funding": {
                "type": "opencollective",
                "url": "https://opencollective.com/webpack"
            },
            "peerDependencies": {
                "@rspack/core": "0.x || 1.x",
                "webpack": "^5.27.0"
            },
            "peerDependenciesMeta": {
                "@rspack/core": {
                    "optional": true
                },
                "webpack": {
                    "optional": true
                }
            }
        },
        "node_modules/cssesc": {
            "version": "3.0.0",
            "resolved": "https://registry.npmjs.org/cssesc/-/cssesc-3.0.0.tgz",
            "integrity": "sha512-/Tb/JcjK111nNScGob5MNtsntNM1aCNUDipB/TkwZFhyDrrE47SOx/18wF2bbjgc3ZzCSKW1T5nt5EbFoAz/Vg==",
            "dev": true,
            "bin": {
                "cssesc": "bin/cssesc"
            },
            "engines": {
                "node": ">=4"
            }
        },
        "node_modules/icss-utils": {
            "version": "5.1.0",
            "resolved": "https://registry.npmjs.org/icss-utils/-/icss-utils-5.1.0.tgz",
            "integrity": "sha512-soFhflCVWLfRNOPU3iv5Z9VUdT44xFRbzjLsEzSr5AQmgqPMTHdU3PMT1Cf1ssx8fLNJDA1juftYl+PUcv3MqA==",
            "dev": true,
            "engines": {
                "node": "^10 || ^12 || >= 14"
            },
            "peerDependencies": {
                "postcss": "^8.1.0"
            }
        },
        "node_modules/nanoid": {
            "version": "3.3.7",
            "resolved": "https://registry.npmjs.org/nanoid/-/nanoid-3.3.7.tgz",
            "integrity": "sha512-eSRppjcPIatRIMC1U6UngP8XFcz8MQWGQdt1MTBQ7NaAmvXDfvNxbvWV3x2y6CdEUciCSsDHDQZbhYaB8QEo2g==",
            "dev": true,
            "funding": [
                {
                    "type": "github",
                    "url": "https://github.com/sponsors/ai"
                }
            ],
            "bin": {
                "nanoid": "bin/nanoid.cjs"
            },
            "engines": {
                "node": "^10 || ^12 || ^13.7 || ^14 || >=15.0.1"
            }
        },
        "node_modules/picocolors": {
            "version": "1.0.0",
            "resolved": "https://registry.npmjs.org/picocolors/-/picocolors-1.0.0.tgz",
            "integrity": "sha512-1fygroTLlHu66zi26VoTDv8yRgm0Fccecssto+MhsZ0D/DGW2sm8E8AjW7NU5VVTRt5GxbeZ5qBuJr+HyLYkjQ==",
            "dev": true
        },
        "node_modules/postcss": {
            "version": "8.4.38",
            "resolved": "https://registry.npmjs.org/postcss/-/postcss-8.4.38.tgz",
            "integrity": "sha512-Wglpdk03BSfXkHoQa3b/oulrotAkwrlLDRSOb9D0bN86FdRyE9lppSp33aHNPgBa0JKCoB+drFLZkQoRRYae5A==",
            "dev": true,
            "funding": [
                {
                    "type": "opencollective",
                    "url": "https://opencollective.com/postcss/"
                },
                {
                    "type": "tidelift",
                    "url": "https://tidelift.com/funding/github/npm/postcss"
                },
                {
                    "type": "github",
                    "url": "https://github.com/sponsors/ai"
                }
            ],
            "dependencies": {
                "nanoid": "^3.3.7",
                "picocolors": "^1.0.0",
                "source-map-js": "^1.2.0"
            },
            "engines": {
                "node": "^10 || ^12 || >=14"
            }
        },
        "node_modules/postcss-modules-extract-imports": {
            "version": "3.1.0",
            "resolved": "https://registry.npmjs.org/postcss-modules-extract-imports/-/postcss-modules-extract-imports-3.1.0.tgz",
            "integrity": "sha512-k3kNe0aNFQDAZGbin48pL2VNidTF0w4/eASDsxlyspobzU3wZQLOGj7L9gfRe0Jo9/4uud09DsjFNH7winGv8Q==",
            "dev": true,
            "engines": {
                "node": "^10 || ^12 || >= 14"
            },
            "peerDependencies": {
                "postcss": "^8.1.0"
            }
        },
        "node_modules/postcss-modules-local-by-default": {
            "version": "4.0.5",
            "resolved": "https://registry.npmjs.org/postcss-modules-local-by-default/-/postcss-modules-local-by-default-4.0.5.tgz",
            "integrity": "sha512-6MieY7sIfTK0hYfafw1OMEG+2bg8Q1ocHCpoWLqOKj3JXlKu4G7btkmM/B7lFubYkYWmRSPLZi5chid63ZaZYw==",
            "dev": true,
            "dependencies": {
                "icss-utils": "^5.0.0",
                "postcss-selector-parser": "^6.0.2",
                "postcss-value-parser": "^4.1.0"
            },
            "engines": {
                "node": "^10 || ^12 || >= 14"
            },
            "peerDependencies": {
                "postcss": "^8.1.0"
            }
        },
        "node_modules/postcss-modules-scope": {
            "version": "3.2.0",
            "resolved": "https://registry.npmjs.org/postcss-modules-scope/-/postcss-modules-scope-3.2.0.tgz",
            "integrity": "sha512-oq+g1ssrsZOsx9M96c5w8laRmvEu9C3adDSjI8oTcbfkrTE8hx/zfyobUoWIxaKPO8bt6S62kxpw5GqypEw1QQ==",
            "dev": true,
            "dependencies": {
                "postcss-selector-parser": "^6.0.4"
            },
            "engines": {
                "node": "^10 || ^12 || >= 14"
            },
            "peerDependencies": {
                "postcss": "^8.1.0"
            }
        },
        "node_modules/postcss-modules-values": {
            "version": "4.0.0",
            "resolved": "https://registry.npmjs.org/postcss-modules-values/-/postcss-modules-values-4.0.0.tgz",
            "integrity": "sha512-RDxHkAiEGI78gS2ofyvCsu7iycRv7oqw5xMWn9iMoR0N/7mf9D50ecQqUo5BZ9Zh2vH4bCUR/ktCqbB9m8vJjQ==",
            "dev": true,
            "dependencies": {
                "icss-utils": "^5.0.0"
            },
            "engines": {
                "node": "^10 || ^12 || >= 14"
            },
            "peerDependencies": {
                "postcss": "^8.1.0"
            }
        },
        "node_modules/postcss-selector-parser": {
            "version": "6.0.16",
            "resolved": "https://registry.npmjs.org/postcss-selector-parser/-/postcss-selector-parser-6.0.16.tgz",
            "integrity": "sha512-A0RVJrX+IUkVZbW3ClroRWurercFhieevHB38sr2+l9eUClMqome3LmEmnhlNy+5Mr2EYN6B2Kaw9wYdd+VHiw==",
            "dev": true,
            "dependencies": {
                "cssesc": "^3.0.0",
                "util-deprecate": "^1.0.2"
            },
            "engines": {
                "node": ">=4"
            }
        },
        "node_modules/postcss-value-parser": {
            "version": "4.2.0",
            "resolved": "https://registry.npmjs.org/postcss-value-parser/-/postcss-value-parser-4.2.0.tgz",
            "integrity": "sha512-1NNCs6uurfkVbeXG4S8JFT9t19m45ICnif8zWLd5oPSZ50QnwMfK+H3jv408d4jw/7Bttv5axS5IiHoLaVNHeQ==",
            "dev": true
        },
        "node_modules/semver": {
            "version": "7.6.1",
            "resolved": "https://registry.npmjs.org/semver/-/semver-7.6.1.tgz",
            "integrity": "sha512-f/vbBsu+fOiYt+lmwZV0rVwJScl46HppnOA1ZvIuBWKOTlllpyJ3bfVax76/OrhCH38dyxoDIA8K7uB963IYgA==",
            "dev": true,
            "bin": {
                "semver": "bin/semver.js"
            },
            "engines": {
                "node": ">=10"
            }
        },
        "node_modules/source-map-js": {
            "version": "1.2.0",
            "resolved": "https://registry.npmjs.org/source-map-js/-/source-map-js-1.2.0.tgz",
            "integrity": "sha512-itJW8lvSA0TXEphiRoawsCksnlf8SyvmFzIhltqAHluXd88pkCd+cXJVHTDwdCr0IzwptSm035IHQktUu1QUMg==",
            "dev": true,
            "engines": {
                "node": ">=0.10.0"
            }
        },
        "node_modules/util-deprecate": {
            "version": "1.0.2",
            "resolved": "https://registry.npmjs.org/util-deprecate/-/util-deprecate-1.0.2.tgz",
            "integrity": "sha512-EPD5q1uXyFxJpCrLnCc1nHnq3gOa6DZBocAIiI2TaSCA7VCJ1UJDMagCzIkXNsUYfD1daK//LTEQ8xiIbrHtcw==",
            "dev": true
        }
    },
    "dependencies": {
        "css-loader": {
            "version": "7.1.1",
            "resolved": "https://registry.npmjs.org/css-loader/-/css-loader-7.1.1.tgz",
            "integrity": "sha512-OxIR5P2mjO1PSXk44bWuQ8XtMK4dpEqpIyERCx3ewOo3I8EmbcxMPUc5ScLtQfgXtOojoMv57So4V/C02HQLsw==",
            "dev": true,
            "requires": {
                "icss-utils": "^5.1.0",
                "postcss": "^8.4.33",
                "postcss-modules-extract-imports": "^3.1.0",
                "postcss-modules-local-by-default": "^4.0.5",
                "postcss-modules-scope": "^3.2.0",
                "postcss-modules-values": "^4.0.0",
                "postcss-value-parser": "^4.2.0",
                "semver": "^7.5.4"
            }
        },
        "cssesc": {
            "version": "3.0.0",
            "resolved": "https://registry.npmjs.org/cssesc/-/cssesc-3.0.0.tgz",
            "integrity": "sha512-/Tb/JcjK111nNScGob5MNtsntNM1aCNUDipB/TkwZFhyDrrE47SOx/18wF2bbjgc3ZzCSKW1T5nt5EbFoAz/Vg==",
            "dev": true
        },
        "icss-utils": {
            "version": "5.1.0",
            "resolved": "https://registry.npmjs.org/icss-utils/-/icss-utils-5.1.0.tgz",
            "integrity": "sha512-soFhflCVWLfRNOPU3iv5Z9VUdT44xFRbzjLsEzSr5AQmgqPMTHdU3PMT1Cf1ssx8fLNJDA1juftYl+PUcv3MqA==",
            "dev": true,
            "requires": {}
        },
        "nanoid": {
            "version": "3.3.7",
            "resolved": "https://registry.npmjs.org/nanoid/-/nanoid-3.3.7.tgz",
            "integrity": "sha512-eSRppjcPIatRIMC1U6UngP8XFcz8MQWGQdt1MTBQ7NaAmvXDfvNxbvWV3x2y6CdEUciCSsDHDQZbhYaB8QEo2g==",
            "dev": true
        },
        "picocolors": {
            "version": "1.0.0",
            "resolved": "https://registry.npmjs.org/picocolors/-/picocolors-1.0.0.tgz",
            "integrity": "sha512-1fygroTLlHu66zi26VoTDv8yRgm0Fccecssto+MhsZ0D/DGW2sm8E8AjW7NU5VVTRt5GxbeZ5qBuJr+HyLYkjQ==",
            "dev": true
        },
        "postcss": {
            "version": "8.4.38",
            "resolved": "https://registry.npmjs.org/postcss/-/postcss-8.4.38.tgz",
            "integrity": "sha512-Wglpdk03BSfXkHoQa3b/oulrotAkwrlLDRSOb9D0bN86FdRyE9lppSp33aHNPgBa0JKCoB+drFLZkQoRRYae5A==",
            "dev": true,
            "requires": {
                "nanoid": "^3.3.7",
                "picocolors": "^1.0.0",
                "source-map-js": "^1.2.0"
            }
        },
        "postcss-modules-extract-imports": {
            "version": "3.1.0",
            "resolved": "https://registry.npmjs.org/postcss-modules-extract-imports/-/postcss-modules-extract-imports-3.1.0.tgz",
            "integrity": "sha512-k3kNe0aNFQDAZGbin48pL2VNidTF0w4/eASDsxlyspobzU3wZQLOGj7L9gfRe0Jo9/4uud09DsjFNH7winGv8Q==",
            "dev": true,
            "requires": {}
        },
        "postcss-modules-local-by-default": {
            "version": "4.0.5",
            "resolved": "https://registry.npmjs.org/postcss-modules-local-by-default/-/postcss-modules-local-by-default-4.0.5.tgz",
            "integrity": "sha512-6MieY7sIfTK0hYfafw1OMEG+2bg8Q1ocHCpoWLqOKj3JXlKu4G7btkmM/B7lFubYkYWmRSPLZi5chid63ZaZYw==",
            "dev": true,
            "requires": {
                "icss-utils": "^5.0.0",
                "postcss-selector-parser": "^6.0.2",
                "postcss-value-parser": "^4.1.0"
            }
        },
        "postcss-modules-scope": {
            "version": "3.2.0",
            "resolved": "https://registry.npmjs.org/postcss-modules-scope/-/postcss-modules-scope-3.2.0.tgz",
            "integrity": "sha512-oq+g1ssrsZOsx9M96c5w8laRmvEu9C3adDSjI8oTcbfkrTE8hx/zfyobUoWIxaKPO8bt6S62kxpw5GqypEw1QQ==",
            "dev": true,
            "requires": {
                "postcss-selector-parser": "^6.0.4"
            }
        },
        "postcss-modules-values": {
            "version": "4.0.0",
            "resolved": "https://registry.npmjs.org/postcss-modules-values/-/postcss-modules-values-4.0.0.tgz",
            "integrity": "sha512-RDxHkAiEGI78gS2ofyvCsu7iycRv7oqw5xMWn9iMoR0N/7mf9D50ecQqUo5BZ9Zh2vH4bCUR/ktCqbB9m8vJjQ==",
            "dev": true,
            "requires": {
                "icss-utils": "^5.0.0"
            }
        },
        "postcss-selector-parser": {
            "version": "6.0.16",
            "resolved": "https://registry.npmjs.org/postcss-selector-parser/-/postcss-selector-parser-6.0.16.tgz",
            "integrity": "sha512-A0RVJrX+IUkVZbW3ClroRWurercFhieevHB38sr2+l9eUClMqome3LmEmnhlNy+5Mr2EYN6B2Kaw9wYdd+VHiw==",
            "dev": true,
            "requires": {
                "cssesc": "^3.0.0",
                "util-deprecate": "^1.0.2"
            }
        },
        "postcss-value-parser": {
            "version": "4.2.0",
            "resolved": "https://registry.npmjs.org/postcss-value-parser/-/postcss-value-parser-4.2.0.tgz",
            "integrity": "sha512-1NNCs6uurfkVbeXG4S8JFT9t19m45ICnif8zWLd5oPSZ50QnwMfK+H3jv408d4jw/7Bttv5axS5IiHoLaVNHeQ==",
            "dev": true
        },
        "semver": {
            "version": "7.6.1",
            "resolved": "https://registry.npmjs.org/semver/-/semver-7.6.1.tgz",
            "integrity": "sha512-f/vbBsu+fOiYt+lmwZV0rVwJScl46HppnOA1ZvIuBWKOTlllpyJ3bfVax76/OrhCH38dyxoDIA8K7uB963IYgA==",
            "dev": true
        },
        "source-map-js": {
            "version": "1.2.0",
            "resolved": "https://registry.npmjs.org/source-map-js/-/source-map-js-1.2.0.tgz",
            "integrity": "sha512-itJW8lvSA0TXEphiRoawsCksnlf8SyvmFzIhltqAHluXd88pkCd+cXJVHTDwdCr0IzwptSm035IHQktUu1QUMg==",
            "dev": true
        },
        "util-deprecate": {
            "version": "1.0.2",
            "resolved": "https://registry.npmjs.org/util-deprecate/-/util-deprecate-1.0.2.tgz",
            "integrity": "sha512-EPD5q1uXyFxJpCrLnCc1nHnq3gOa6DZBocAIiI2TaSCA7VCJ1UJDMagCzIkXNsUYfD1daK//LTEQ8xiIbrHtcw==",
            "dev": true
        }
    }
}
